
Microsoft Visual Studio Solution File, Format Version 12.00
# Visual Studio Version 16
VisualStudioVersion = 16.0.31205.134
MinimumVisualStudioVersion = 10.0.40219.1
Project("{FAE04EC0-301F-11D3-BF4B-00C04F79EFBC}") = "KeepGoing462", "KeepGoing462\KeepGoing462.csproj", "{2D61244A-9190-4691-8656-B8B110AACBBD}"
EndProject
Project("{FAE04EC0-301F-11D3-BF4B-00C04F79EFBC}") = "KeepGoing462.Tests", "KeepGoing462.Tests\KeepGoing462.Tests.csproj", "{01AA17E7-756A-4D62-B20D-C54C9C287211}"
EndProject
Global
	GlobalSection(SolutionConfigurationPlatforms) = preSolution
		Debug|Any CPU = Debug|Any CPU
		Release|Any CPU = Release|Any CPU
	EndGlobalSection
	GlobalSection(ProjectConfigurationPlatforms) = postSolution
		{2D61244A-9190-4691-8656-B8B110AACBBD}.Debug|Any CPU.ActiveCfg = Debug|Any CPU
		{2D61244A-9190-4691-8656-B8B110AACBBD}.Debug|Any CPU.Build.0 = Debug|Any CPU
		{2D61244A-9190-4691-8656-B8B110AACBBD}.Release|Any CPU.ActiveCfg = Release|Any CPU
		{2D61244A-9190-4691-8656-B8B110AACBBD}.Release|Any CPU.Build.0 = Release|Any CPU
		{01AA17E7-756A-4D62-B20D-C54C9C287211}.Debug|Any CPU.ActiveCfg = Debug|Any CPU
		{01AA17E7-756A-4D62-B20D-C54C9C287211}.Debug|Any CPU.Build.0 = Debug|Any CPU
		{01AA17E7-756A-4D62-B20D-C54C9C287211}.Release|Any CPU.ActiveCfg = Release|Any CPU
		{01AA17E7-756A-4D62-B20D-C54C9C287211}.Release|Any CPU.Build.0 = Release|Any CPU
	EndGlobalSection
	GlobalSection(SolutionProperties) = preSolution
		HideSolutionNode = FALSE
	EndGlobalSection
	GlobalSection(ExtensibilityGlobals) = postSolution
		SolutionGuid = {B792BC26-9623-41D5-A440-D3E584F98FCA}
	EndGlobalSection
EndGlobal
